<?xml version="1.0" encoding="utf-8"?>
<Project ToolsVersion="4.0" xmlns="http://schemas.microsoft.com/developer/msbuild/2003">
  <ItemGroup>
    <ClCompile Include="AABB.cpp" />
    <ClCompile Include="ConfigSettings.cpp" />
    <ClCompile Include="DynamicWorld.cpp" />
    <ClCompile Include="Physics.cpp" />
    <ClCompile Include="Stopwatch.cpp" />
    <ClCompile Include="World.cpp" />
    <ClCompile Include="StateLogic.cpp" />
    <ClCompile Include="InputEvents.cpp" />
  </ItemGroup>
  <ItemGroup>
    <ClInclude Include="AABB.h" />
    <ClInclude Include="ConfigSettings.h" />
    <ClInclude Include="Exports.h" />
    <ClInclude Include="NetworkConfig.h" />
    <ClInclude Include="Packet.h" />
    <ClInclude Include="Physics.h" />
    <ClInclude Include="Player.h" />
    <ClInclude Include="NetworkObjects.h" />
    <ClInclude Include="DynamicWorld.h" />
    <ClInclude Include="Stopwatch.h" />
    <ClInclude Include="World.h" />
    <ClInclude Include="StateLogic.h" />
    <ClInclude Include="InputEvents.h" />
  </ItemGroup>
  <ItemGroup>
    <None Include="ConfigSettings.ini" />
    <None Include="ConfigSettingsTemplate.ini" />
  </ItemGroup>
</Project>