
Microsoft Visual Studio Solution File, Format Version 12.00
# Visual Studio 2010
Project("{8BC9CEB8-8B4A-11D0-8D11-00A0C91BC942}") = "ItsATrapServer", "ItsATrapServer\ItsATrapServer.vcxproj", "{5C14B208-1A3D-4F9D-B8DB-D247902671CF}"
EndProject
Project("{8BC9CEB8-8B4A-11D0-8D11-00A0C91BC942}") = "ItsATrapClient", "ItsATrapClient\ItsATrapClient.vcxproj", "{D0AB73B0-F424-4930-8EC4-0EB84FED863D}"
EndProject
Project("{2150E333-8FDC-42A3-9474-1A3956D46DE8}") = "Common", "Common", "{0B43FF14-29DA-4C12-B935-DC459A47E889}"
EndProject
Project("{2150E333-8FDC-42A3-9474-1A3956D46DE8}") = "Networking", "Networking", "{ADE97A08-2604-4CAD-AD6E-68641BFB29BE}"
	ProjectSection(SolutionItems) = preProject
		Common\Networking\NetworkConfig.h = Common\Networking\NetworkConfig.h
		Common\Networking\Packet.h = Common\Networking\Packet.h
		Common\Networking\Player.h = Common\Networking\Player.h
	EndProjectSection
EndProject
Project("{2150E333-8FDC-42A3-9474-1A3956D46DE8}") = "Utilities", "Utilities", "{0944EB56-AAF2-42AE-A28D-DFECEAF388C9}"
	ProjectSection(SolutionItems) = preProject
		Common\Utilities\Stopwatch.h = Common\Utilities\Stopwatch.h
	EndProjectSection
EndProject
Global
	GlobalSection(SolutionConfigurationPlatforms) = preSolution
		Debug|Win32 = Debug|Win32
		Release|Win32 = Release|Win32
	EndGlobalSection
	GlobalSection(ProjectConfigurationPlatforms) = postSolution
		{5C14B208-1A3D-4F9D-B8DB-D247902671CF}.Debug|Win32.ActiveCfg = Debug|Win32
		{5C14B208-1A3D-4F9D-B8DB-D247902671CF}.Debug|Win32.Build.0 = Debug|Win32
		{5C14B208-1A3D-4F9D-B8DB-D247902671CF}.Release|Win32.ActiveCfg = Release|Win32
		{5C14B208-1A3D-4F9D-B8DB-D247902671CF}.Release|Win32.Build.0 = Release|Win32
		{D0AB73B0-F424-4930-8EC4-0EB84FED863D}.Debug|Win32.ActiveCfg = Debug|Win32
		{D0AB73B0-F424-4930-8EC4-0EB84FED863D}.Debug|Win32.Build.0 = Debug|Win32
		{D0AB73B0-F424-4930-8EC4-0EB84FED863D}.Release|Win32.ActiveCfg = Release|Win32
		{D0AB73B0-F424-4930-8EC4-0EB84FED863D}.Release|Win32.Build.0 = Release|Win32
	EndGlobalSection
	GlobalSection(SolutionProperties) = preSolution
		HideSolutionNode = FALSE
	EndGlobalSection
	GlobalSection(NestedProjects) = preSolution
		{ADE97A08-2604-4CAD-AD6E-68641BFB29BE} = {0B43FF14-29DA-4C12-B935-DC459A47E889}
		{0944EB56-AAF2-42AE-A28D-DFECEAF388C9} = {0B43FF14-29DA-4C12-B935-DC459A47E889}
	EndGlobalSection
EndGlobal
