<?xml version="1.0" encoding="utf-8"?>
<Project ToolsVersion="4.0" xmlns="http://schemas.microsoft.com/developer/msbuild/2003">
  <ItemGroup>
    <ClCompile Include="Camera.cpp" />
    <ClCompile Include="City.cpp" />
    <ClCompile Include="Client.cpp" />
    <ClCompile Include="ClientInstance.cpp" />
    <ClCompile Include="Cone.cpp" />
    <ClCompile Include="Cube.cpp" />
    <ClCompile Include="enrico.cpp" />
    <ClCompile Include="Geode.cpp" />
    <ClCompile Include="Group.cpp" />
    <ClCompile Include="HUD.cpp" />
    <ClCompile Include="Level.cpp" />
    <ClCompile Include="main.cpp" />
    <ClCompile Include="Material.cpp" />
    <ClCompile Include="MatrixTransform.cpp" />
    <ClCompile Include="Node.cpp" />
    <ClCompile Include="MyPlayer.cpp" />
    <ClCompile Include="ObjModel.cpp" />
    <ClCompile Include="ObjNode.cpp" />
    <ClCompile Include="PlayerNode.cpp" />
    <ClCompile Include="Shader.cpp" />
    <ClCompile Include="Sphere.cpp" />
    <ClCompile Include="Texture.cpp" />
    <ClCompile Include="tiny_obj_loader.cc" />
    <ClCompile Include="Trap.cpp" />
    <ClCompile Include="Utilities.cpp" />
    <ClCompile Include="Window.cpp" />
    <ClCompile Include="Building.cpp" />
  </ItemGroup>
  <ItemGroup>
    <ClInclude Include="HUD.h" />
    <ClInclude Include="Level.h" />
    <ClInclude Include="Material.h" />
    <ClInclude Include="ObjModel.h" />
    <ClInclude Include="ObjNode.h" />
    <ClInclude Include="Shader.h" />
    <ClInclude Include="Trap.h" />
    <ClInclude Include="Camera.h" />
    <ClInclude Include="City.h" />
    <ClInclude Include="Client.h" />
    <ClInclude Include="ClientInstance.h" />
    <ClInclude Include="enrico.h" />
    <ClInclude Include="Geode.h" />
    <ClInclude Include="Group.h" />
    <ClInclude Include="MatrixTransform.h" />
    <ClInclude Include="Node.h" />
    <ClInclude Include="MyPlayer.h" />
    <ClInclude Include="PlayerNode.h" />
    <ClInclude Include="SceneGraph.h" />
    <ClInclude Include="Texture.h" />
    <ClInclude Include="tiny_obj_loader.h" />
    <ClInclude Include="Utilities.h" />
    <ClInclude Include="Window.h" />
    <ClInclude Include="Building.h" />
  </ItemGroup>
  <ItemGroup>
    <None Include="..\..\phong.frag" />
    <None Include="..\..\phong.vert" />
    <None Include="can.frag" />
    <None Include="can.vert" />
    <None Include="gouraud.frag" />
    <None Include="gouraud.vert" />
    <None Include="phongandtexture.frag" />
    <None Include="phongandtexture.vert" />
    <None Include="..\Shaders\can.frag" />
    <None Include="..\Shaders\can.vert" />
    <None Include="..\Shaders\gouraud.frag" />
    <None Include="..\Shaders\gouraud.vert" />
    <None Include="..\Shaders\phongandtexture.frag" />
    <None Include="..\Shaders\phongandtexture.vert" />
    <None Include="..\Shaders\simple.frag" />
    <None Include="..\Shaders\simple.vert" />
  </ItemGroup>
</Project>